<?xml version="1.0" encoding="utf-8"?>
<Project ToolsVersion="4.0" xmlns="http://schemas.microsoft.com/developer/msbuild/2003">
  <ItemGroup>
    <Filter Include="REngine">
      <UniqueIdentifier>{4DD6DB54-B9B5-5AF0-C2CD-E5C62E2CC151}</UniqueIdentifier>
    </Filter>
    <Filter Include="REngine\Events">
      <UniqueIdentifier>{91C9B1D3-7D97-A5D9-662B-16005298813E}</UniqueIdentifier>
    </Filter>
    <Filter Include="REngine\ImGui">
      <UniqueIdentifier>{37113116-A3D1-AC4C-6C0C-F6C9D88BF128}</UniqueIdentifier>
    </Filter>
    <Filter Include="REngine\Platform">
      <UniqueIdentifier>{417968A3-2D72-87F5-56A4-6C7A42FC6601}</UniqueIdentifier>
    </Filter>
    <Filter Include="REngine\Platform\OpenGL">
      <UniqueIdentifier>{550F1ABB-C146-6252-CA50-C6753607894B}</UniqueIdentifier>
    </Filter>
    <Filter Include="REngine\Platform\Windows">
      <UniqueIdentifier>{7BD47776-67F9-C6F6-9044-AC867CC8C514}</UniqueIdentifier>
    </Filter>
  </ItemGroup>
  <ItemGroup>
    <ClInclude Include="src\REngine.h" />
    <ClInclude Include="src\REngine\Core\Application.h">
      <Filter>REngine</Filter>
    </ClInclude>
    <ClInclude Include="src\REngine\Core\Core.h">
      <Filter>REngine</Filter>
    </ClInclude>
    <ClInclude Include="src\REngine\Core\EntryPoint.h">
      <Filter>REngine</Filter>
    </ClInclude>
    <ClInclude Include="src\REngine\Events\ApplicationEvent.h">
      <Filter>REngine\Events</Filter>
    </ClInclude>
    <ClInclude Include="src\REngine\Events\Event.h">
      <Filter>REngine\Events</Filter>
    </ClInclude>
    <ClInclude Include="src\REngine\Events\KeyEvent.h">
      <Filter>REngine\Events</Filter>
    </ClInclude>
    <ClInclude Include="src\REngine\Events\MouseEvent.h">
      <Filter>REngine\Events</Filter>
    </ClInclude>
    <ClInclude Include="src\REngine\ImGui\ImGuiLayer.h">
      <Filter>REngine\ImGui</Filter>
    </ClInclude>
    <ClInclude Include="src\REngine\Core\Layer.h">
      <Filter>REngine</Filter>
    </ClInclude>
    <ClInclude Include="src\REngine\Core\LayerStack.h">
      <Filter>REngine</Filter>
    </ClInclude>
    <ClInclude Include="src\REngine\Core\Log.h">
      <Filter>REngine</Filter>
    </ClInclude>
    <ClInclude Include="src\REngine\Platform\OpenGL\ImGuiOpenGLRenderer.h">
      <Filter>REngine\Platform\OpenGL</Filter>
    </ClInclude>
    <ClInclude Include="src\REngine\Platform\Windows\WindowsWindow.h">
      <Filter>REngine\Platform\Windows</Filter>
    </ClInclude>
    <ClInclude Include="src\REngine\Core\Window.h">
      <Filter>REngine</Filter>
    </ClInclude>
    <ClInclude Include="src\repch.h" />
    <ClInclude Include="src\REngine\Core\Input\KeyCodes.h" />
    <ClInclude Include="src\REngine\Core\Input\MouseCodes.h" />
    <ClInclude Include="src\REngine\Core\Input\Input.h" />
    <ClInclude Include="src\REngine\Platform\Windows\WindowsInput.h" />
  </ItemGroup>
  <ItemGroup>
    <ClCompile Include="src\REngine\Core\Application.cpp">
      <Filter>REngine</Filter>
    </ClCompile>
    <ClCompile Include="src\REngine\ImGui\ImGuiLayer.cpp">
      <Filter>REngine\ImGui</Filter>
    </ClCompile>
    <ClCompile Include="src\REngine\Core\Layer.cpp">
      <Filter>REngine</Filter>
    </ClCompile>
    <ClCompile Include="src\REngine\Core\LayerStack.cpp">
      <Filter>REngine</Filter>
    </ClCompile>
    <ClCompile Include="src\REngine\Core\Log.cpp">
      <Filter>REngine</Filter>
    </ClCompile>
    <ClCompile Include="src\REngine\Platform\OpenGL\ImGuiOpenGLRenderer.cpp">
      <Filter>REngine\Platform\OpenGL</Filter>
    </ClCompile>
    <ClCompile Include="src\REngine\Platform\Windows\WindowsWindow.cpp">
      <Filter>REngine\Platform\Windows</Filter>
    </ClCompile>
    <ClCompile Include="src\repch.cpp" />
    <ClCompile Include="src\REngine\ImGui\ImGuiBuild.cpp" />
    <ClCompile Include="src\REngine\Platform\Windows\WindowsInput.cpp" />
  </ItemGroup>
</Project>